
Microsoft Visual Studio Solution File, Format Version 12.00
# Visual Studio 2013
VisualStudioVersion = 12.0.40629.0
MinimumVisualStudioVersion = 10.0.40219.1
Project("{2150E333-8FDC-42A3-9474-1A3956D46DE8}") = "Solution Items", "Solution Items", "{1239C0B6-14C3-4412-AD08-10A2625FEBBC}"
	ProjectSection(SolutionItems) = preProject
		Performance1.psess = Performance1.psess
	EndProjectSection
EndProject
Project("{FAE04EC0-301F-11D3-BF4B-00C04F79EFBC}") = "VSP.Presentation", "VSP.Presentation\VSP.Presentation.csproj", "{80802DF9-2F43-4D98-AF5C-5C5838BE0C9E}"
EndProject
Project("{FAE04EC0-301F-11D3-BF4B-00C04F79EFBC}") = "VSP.Business", "VSP.Business\VSP.Business.csproj", "{8A320D7C-0BEE-4A9F-963F-AB75B2D49015}"
EndProject
Project("{FAE04EC0-301F-11D3-BF4B-00C04F79EFBC}") = "VSP.Security", "VSP.Security\VSP.Security.csproj", "{0BCC1867-B6FC-4019-BCE7-159EFD5015DE}"
EndProject
Project("{FAE04EC0-301F-11D3-BF4B-00C04F79EFBC}") = "ISP.Business", "..\pci-investment-services-program\ISP.Business\ISP.Business.csproj", "{D37153EA-6F66-4472-8097-6DEDB9DF86D1}"
EndProject
Project("{E24C65DC-7377-472B-9ABA-BC803B73C61A}") = "VSP.Web", "http://localhost:58524", "{1067D62B-0EFA-4D74-9445-9BBC0A31DB6B}"
	ProjectSection(WebsiteProperties) = preProject
		UseIISExpress = "true"
		TargetFrameworkMoniker = ".NETFramework,Version%3Dv4.5"
		ProjectReferences = "{8a320d7c-0bee-4a9f-963f-ab75b2d49015}|VSP.Business.dll;{d37153ea-6f66-4472-8097-6dedb9df86d1}|ISP.Business.dll;"
		Debug.AspNetCompiler.VirtualPath = "/localhost_58524"
		Debug.AspNetCompiler.PhysicalPath = "VSP.Web\"
		Debug.AspNetCompiler.TargetPath = "PrecompiledWeb\localhost_58524\"
		Debug.AspNetCompiler.Updateable = "true"
		Debug.AspNetCompiler.ForceOverwrite = "true"
		Debug.AspNetCompiler.FixedNames = "false"
		Debug.AspNetCompiler.Debug = "True"
		Release.AspNetCompiler.VirtualPath = "/localhost_58524"
		Release.AspNetCompiler.PhysicalPath = "VSP.Web\"
		Release.AspNetCompiler.TargetPath = "PrecompiledWeb\localhost_58524\"
		Release.AspNetCompiler.Updateable = "true"
		Release.AspNetCompiler.ForceOverwrite = "true"
		Release.AspNetCompiler.FixedNames = "false"
		Release.AspNetCompiler.Debug = "False"
		SlnRelativePath = "VSP.Web\"
		DefaultWebSiteLanguage = "Visual C#"
	EndProjectSection
EndProject
Global
	GlobalSection(SolutionConfigurationPlatforms) = preSolution
		Debug|Any CPU = Debug|Any CPU
		Debug|Mixed Platforms = Debug|Mixed Platforms
		Debug|x86 = Debug|x86
		Release|Any CPU = Release|Any CPU
		Release|Mixed Platforms = Release|Mixed Platforms
		Release|x86 = Release|x86
	EndGlobalSection
	GlobalSection(ProjectConfigurationPlatforms) = postSolution
		{80802DF9-2F43-4D98-AF5C-5C5838BE0C9E}.Debug|Any CPU.ActiveCfg = Debug|x86
		{80802DF9-2F43-4D98-AF5C-5C5838BE0C9E}.Debug|Mixed Platforms.ActiveCfg = Debug|x86
		{80802DF9-2F43-4D98-AF5C-5C5838BE0C9E}.Debug|Mixed Platforms.Build.0 = Debug|x86
		{80802DF9-2F43-4D98-AF5C-5C5838BE0C9E}.Debug|x86.ActiveCfg = Debug|x86
		{80802DF9-2F43-4D98-AF5C-5C5838BE0C9E}.Debug|x86.Build.0 = Debug|x86
		{80802DF9-2F43-4D98-AF5C-5C5838BE0C9E}.Release|Any CPU.ActiveCfg = Release|x86
		{80802DF9-2F43-4D98-AF5C-5C5838BE0C9E}.Release|Mixed Platforms.ActiveCfg = Release|x86
		{80802DF9-2F43-4D98-AF5C-5C5838BE0C9E}.Release|Mixed Platforms.Build.0 = Release|x86
		{80802DF9-2F43-4D98-AF5C-5C5838BE0C9E}.Release|x86.ActiveCfg = Release|x86
		{80802DF9-2F43-4D98-AF5C-5C5838BE0C9E}.Release|x86.Build.0 = Release|x86
		{8A320D7C-0BEE-4A9F-963F-AB75B2D49015}.Debug|Any CPU.ActiveCfg = Debug|Any CPU
		{8A320D7C-0BEE-4A9F-963F-AB75B2D49015}.Debug|Any CPU.Build.0 = Debug|Any CPU
		{8A320D7C-0BEE-4A9F-963F-AB75B2D49015}.Debug|Mixed Platforms.ActiveCfg = Debug|Any CPU
		{8A320D7C-0BEE-4A9F-963F-AB75B2D49015}.Debug|Mixed Platforms.Build.0 = Debug|Any CPU
		{8A320D7C-0BEE-4A9F-963F-AB75B2D49015}.Debug|x86.ActiveCfg = Debug|Any CPU
		{8A320D7C-0BEE-4A9F-963F-AB75B2D49015}.Release|Any CPU.ActiveCfg = Release|Any CPU
		{8A320D7C-0BEE-4A9F-963F-AB75B2D49015}.Release|Any CPU.Build.0 = Release|Any CPU
		{8A320D7C-0BEE-4A9F-963F-AB75B2D49015}.Release|Mixed Platforms.ActiveCfg = Release|Any CPU
		{8A320D7C-0BEE-4A9F-963F-AB75B2D49015}.Release|Mixed Platforms.Build.0 = Release|Any CPU
		{8A320D7C-0BEE-4A9F-963F-AB75B2D49015}.Release|x86.ActiveCfg = Release|Any CPU
		{0BCC1867-B6FC-4019-BCE7-159EFD5015DE}.Debug|Any CPU.ActiveCfg = Debug|Any CPU
		{0BCC1867-B6FC-4019-BCE7-159EFD5015DE}.Debug|Any CPU.Build.0 = Debug|Any CPU
		{0BCC1867-B6FC-4019-BCE7-159EFD5015DE}.Debug|Mixed Platforms.ActiveCfg = Debug|Any CPU
		{0BCC1867-B6FC-4019-BCE7-159EFD5015DE}.Debug|Mixed Platforms.Build.0 = Debug|Any CPU
		{0BCC1867-B6FC-4019-BCE7-159EFD5015DE}.Debug|x86.ActiveCfg = Debug|Any CPU
		{0BCC1867-B6FC-4019-BCE7-159EFD5015DE}.Release|Any CPU.ActiveCfg = Release|Any CPU
		{0BCC1867-B6FC-4019-BCE7-159EFD5015DE}.Release|Any CPU.Build.0 = Release|Any CPU
		{0BCC1867-B6FC-4019-BCE7-159EFD5015DE}.Release|Mixed Platforms.ActiveCfg = Release|Any CPU
		{0BCC1867-B6FC-4019-BCE7-159EFD5015DE}.Release|Mixed Platforms.Build.0 = Release|Any CPU
		{0BCC1867-B6FC-4019-BCE7-159EFD5015DE}.Release|x86.ActiveCfg = Release|Any CPU
		{D37153EA-6F66-4472-8097-6DEDB9DF86D1}.Debug|Any CPU.ActiveCfg = Debug|Any CPU
		{D37153EA-6F66-4472-8097-6DEDB9DF86D1}.Debug|Any CPU.Build.0 = Debug|Any CPU
		{D37153EA-6F66-4472-8097-6DEDB9DF86D1}.Debug|Mixed Platforms.ActiveCfg = Debug|Any CPU
		{D37153EA-6F66-4472-8097-6DEDB9DF86D1}.Debug|Mixed Platforms.Build.0 = Debug|Any CPU
		{D37153EA-6F66-4472-8097-6DEDB9DF86D1}.Debug|x86.ActiveCfg = Debug|Any CPU
		{D37153EA-6F66-4472-8097-6DEDB9DF86D1}.Release|Any CPU.ActiveCfg = Release|Any CPU
		{D37153EA-6F66-4472-8097-6DEDB9DF86D1}.Release|Any CPU.Build.0 = Release|Any CPU
		{D37153EA-6F66-4472-8097-6DEDB9DF86D1}.Release|Mixed Platforms.ActiveCfg = Release|Any CPU
		{D37153EA-6F66-4472-8097-6DEDB9DF86D1}.Release|Mixed Platforms.Build.0 = Release|Any CPU
		{D37153EA-6F66-4472-8097-6DEDB9DF86D1}.Release|x86.ActiveCfg = Release|Any CPU
		{1067D62B-0EFA-4D74-9445-9BBC0A31DB6B}.Debug|Any CPU.ActiveCfg = Debug|Any CPU
		{1067D62B-0EFA-4D74-9445-9BBC0A31DB6B}.Debug|Any CPU.Build.0 = Debug|Any CPU
		{1067D62B-0EFA-4D74-9445-9BBC0A31DB6B}.Debug|Mixed Platforms.ActiveCfg = Debug|Any CPU
		{1067D62B-0EFA-4D74-9445-9BBC0A31DB6B}.Debug|Mixed Platforms.Build.0 = Debug|Any CPU
		{1067D62B-0EFA-4D74-9445-9BBC0A31DB6B}.Debug|x86.ActiveCfg = Debug|Any CPU
		{1067D62B-0EFA-4D74-9445-9BBC0A31DB6B}.Release|Any CPU.ActiveCfg = Debug|Any CPU
		{1067D62B-0EFA-4D74-9445-9BBC0A31DB6B}.Release|Any CPU.Build.0 = Debug|Any CPU
		{1067D62B-0EFA-4D74-9445-9BBC0A31DB6B}.Release|Mixed Platforms.ActiveCfg = Debug|Any CPU
		{1067D62B-0EFA-4D74-9445-9BBC0A31DB6B}.Release|Mixed Platforms.Build.0 = Debug|Any CPU
		{1067D62B-0EFA-4D74-9445-9BBC0A31DB6B}.Release|x86.ActiveCfg = Debug|Any CPU
	EndGlobalSection
	GlobalSection(SolutionProperties) = preSolution
		HideSolutionNode = FALSE
	EndGlobalSection
EndGlobal
